// !$*UTF8*$!
{
	archiveVersion = 1;
	classes = {
	};
	objectVersion = 50;
	objects = {

/* Begin PBXBuildFile section */
		994BFE6324067EF100984D31 /* AppDelegate.swift in Sources */ = {isa = PBXBuildFile; fileRef = 994BFE6224067EF100984D31 /* AppDelegate.swift */; };
		994BFE6524067EF100984D31 /* SceneDelegate.swift in Sources */ = {isa = PBXBuildFile; fileRef = 994BFE6424067EF100984D31 /* SceneDelegate.swift */; };
		994BFE6724067EF100984D31 /* ViewController.swift in Sources */ = {isa = PBXBuildFile; fileRef = 994BFE6624067EF100984D31 /* ViewController.swift */; };
		994BFE6A24067EF100984D31 /* Main.storyboard in Resources */ = {isa = PBXBuildFile; fileRef = 994BFE6824067EF100984D31 /* Main.storyboard */; };
		994BFE6C24067EF300984D31 /* Assets.xcassets in Resources */ = {isa = PBXBuildFile; fileRef = 994BFE6B24067EF300984D31 /* Assets.xcassets */; };
		994BFE6F24067EF300984D31 /* LaunchScreen.storyboard in Resources */ = {isa = PBXBuildFile; fileRef = 994BFE6D24067EF300984D31 /* LaunchScreen.storyboard */; };
		994BFE7824067FB700984D31 /* Schedule.swift in Sources */ = {isa = PBXBuildFile; fileRef = 994BFE7724067FB700984D31 /* Schedule.swift */; };
		994BFE7B24068AC700984D31 /* Networking.swift in Sources */ = {isa = PBXBuildFile; fileRef = 994BFE7A24068AC700984D31 /* Networking.swift */; };
		994BFE7D24068B1D00984D31 /* NetworkDataFetcher.swift in Sources */ = {isa = PBXBuildFile; fileRef = 994BFE7C24068B1D00984D31 /* NetworkDataFetcher.swift */; };
		994BFE7F24068B6F00984D31 /* DataFetcherService.swift in Sources */ = {isa = PBXBuildFile; fileRef = 994BFE7E24068B6F00984D31 /* DataFetcherService.swift */; };
/* End PBXBuildFile section */

/* Begin PBXFileReference section */
		994BFE5F24067EF100984D31 /* Nikitin.app */ = {isa = PBXFileReference; explicitFileType = wrapper.application; includeInIndex = 0; path = Nikitin.app; sourceTree = BUILT_PRODUCTS_DIR; };
		994BFE6224067EF100984D31 /* AppDelegate.swift */ = {isa = PBXFileReference; lastKnownFileType = sourcecode.swift; path = AppDelegate.swift; sourceTree = "<group>"; };
		994BFE6424067EF100984D31 /* SceneDelegate.swift */ = {isa = PBXFileReference; lastKnownFileType = sourcecode.swift; path = SceneDelegate.swift; sourceTree = "<group>"; };
		994BFE6624067EF100984D31 /* ViewController.swift */ = {isa = PBXFileReference; lastKnownFileType = sourcecode.swift; path = ViewController.swift; sourceTree = "<group>"; };
		994BFE6924067EF100984D31 /* Base */ = {isa = PBXFileReference; lastKnownFileType = file.storyboard; name = Base; path = Base.lproj/Main.storyboard; sourceTree = "<group>"; };
		994BFE6B24067EF300984D31 /* Assets.xcassets */ = {isa = PBXFileReference; lastKnownFileType = folder.assetcatalog; path = Assets.xcassets; sourceTree = "<group>"; };
		994BFE6E24067EF300984D31 /* Base */ = {isa = PBXFileReference; lastKnownFileType = file.storyboard; name = Base; path = Base.lproj/LaunchScreen.storyboard; sourceTree = "<group>"; };
		994BFE7024067EF300984D31 /* Info.plist */ = {isa = PBXFileReference; lastKnownFileType = text.plist.xml; path = Info.plist; sourceTree = "<group>"; };
		994BFE7724067FB700984D31 /* Schedule.swift */ = {isa = PBXFileReference; lastKnownFileType = sourcecode.swift; path = Schedule.swift; sourceTree = "<group>"; };
		994BFE7A24068AC700984D31 /* Networking.swift */ = {isa = PBXFileReference; lastKnownFileType = sourcecode.swift; path = Networking.swift; sourceTree = "<group>"; };
		994BFE7C24068B1D00984D31 /* NetworkDataFetcher.swift */ = {isa = PBXFileReference; lastKnownFileType = sourcecode.swift; path = NetworkDataFetcher.swift; sourceTree = "<group>"; };
		994BFE7E24068B6F00984D31 /* DataFetcherService.swift */ = {isa = PBXFileReference; lastKnownFileType = sourcecode.swift; path = DataFetcherService.swift; sourceTree = "<group>"; };
/* End PBXFileReference section */

/* Begin PBXFrameworksBuildPhase section */
		994BFE5C24067EF100984D31 /* Frameworks */ = {
			isa = PBXFrameworksBuildPhase;
			buildActionMask = 2147483647;
			files = (
			);
			runOnlyForDeploymentPostprocessing = 0;
		};
/* End PBXFrameworksBuildPhase section */

/* Begin PBXGroup section */
		994BFE5624067EF000984D31 = {
			isa = PBXGroup;
			children = (
				994BFE6124067EF100984D31 /* Nikitin */,
				994BFE6024067EF100984D31 /* Products */,
			);
			sourceTree = "<group>";
		};
		994BFE6024067EF100984D31 /* Products */ = {
			isa = PBXGroup;
			children = (
				994BFE5F24067EF100984D31 /* Nikitin.app */,
			);
			name = Products;
			sourceTree = "<group>";
		};
		994BFE6124067EF100984D31 /* Nikitin */ = {
			isa = PBXGroup;
			children = (
				994BFE7924068AAD00984D31 /* NetworkService */,
				994BFE7624067F6E00984D31 /* Model */,
				994BFE6224067EF100984D31 /* AppDelegate.swift */,
				994BFE6424067EF100984D31 /* SceneDelegate.swift */,
				994BFE6624067EF100984D31 /* ViewController.swift */,
				994BFE6824067EF100984D31 /* Main.storyboard */,
				994BFE6B24067EF300984D31 /* Assets.xcassets */,
				994BFE6D24067EF300984D31 /* LaunchScreen.storyboard */,
				994BFE7024067EF300984D31 /* Info.plist */,
			);
			path = Nikitin;
			sourceTree = "<group>";
		};
		994BFE7624067F6E00984D31 /* Model */ = {
			isa = PBXGroup;
			children = (
				994BFE7724067FB700984D31 /* Schedule.swift */,
			);
			path = Model;
			sourceTree = "<group>";
		};
		994BFE7924068AAD00984D31 /* NetworkService */ = {
			isa = PBXGroup;
			children = (
				994BFE7A24068AC700984D31 /* Networking.swift */,
				994BFE7C24068B1D00984D31 /* NetworkDataFetcher.swift */,
				994BFE7E24068B6F00984D31 /* DataFetcherService.swift */,
			);
			path = NetworkService;
			sourceTree = "<group>";
		};
/* End PBXGroup section */

/* Begin PBXNativeTarget section */
		994BFE5E24067EF100984D31 /* Nikitin */ = {
			isa = PBXNativeTarget;
			buildConfigurationList = 994BFE7324067EF300984D31 /* Build configuration list for PBXNativeTarget "Nikitin" */;
			buildPhases = (
				994BFE5B24067EF100984D31 /* Sources */,
				994BFE5C24067EF100984D31 /* Frameworks */,
				994BFE5D24067EF100984D31 /* Resources */,
			);
			buildRules = (
			);
			dependencies = (
			);
			name = Nikitin;
			productName = Nikitin;
			productReference = 994BFE5F24067EF100984D31 /* Nikitin.app */;
			productType = "com.apple.product-type.application";
		};
/* End PBXNativeTarget section */

/* Begin PBXProject section */
		994BFE5724067EF000984D31 /* Project object */ = {
			isa = PBXProject;
			attributes = {
				LastSwiftUpdateCheck = 1130;
				LastUpgradeCheck = 1130;
				ORGANIZATIONNAME = "Ivan Nikitin";
				TargetAttributes = {
					994BFE5E24067EF100984D31 = {
						CreatedOnToolsVersion = 11.3.1;
					};
				};
			};
			buildConfigurationList = 994BFE5A24067EF000984D31 /* Build configuration list for PBXProject "Nikitin" */;
			compatibilityVersion = "Xcode 9.3";
			developmentRegion = en;
			hasScannedForEncodings = 0;
			knownRegions = (
				en,
				Base,
			);
			mainGroup = 994BFE5624067EF000984D31;
			productRefGroup = 994BFE6024067EF100984D31 /* Products */;
			projectDirPath = "";
			projectRoot = "";
			targets = (
				994BFE5E24067EF100984D31 /* Nikitin */,
			);
		};
/* End PBXProject section */

/* Begin PBXResourcesBuildPhase section */
		994BFE5D24067EF100984D31 /* Resources */ = {
			isa = PBXResourcesBuildPhase;
			buildActionMask = 2147483647;
			files = (
				994BFE6F24067EF300984D31 /* LaunchScreen.storyboard in Resources */,
				994BFE6C24067EF300984D31 /* Assets.xcassets in Resources */,
				994BFE6A24067EF100984D31 /* Main.storyboard in Resources */,
			);
			runOnlyForDeploymentPostprocessing = 0;
		};
/* End PBXResourcesBuildPhase section */

/* Begin PBXSourcesBuildPhase section */
		994BFE5B24067EF100984D31 /* Sources */ = {
			isa = PBXSourcesBuildPhase;
			buildActionMask = 2147483647;
			files = (
				994BFE7D24068B1D00984D31 /* NetworkDataFetcher.swift in Sources */,
				994BFE7F24068B6F00984D31 /* DataFetcherService.swift in Sources */,
				994BFE6724067EF100984D31 /* ViewController.swift in Sources */,
				994BFE7B24068AC700984D31 /* Networking.swift in Sources */,
				994BFE6324067EF100984D31 /* AppDelegate.swift in Sources */,
				994BFE7824067FB700984D31 /* Schedule.swift in Sources */,
				994BFE6524067EF100984D31 /* SceneDelegate.swift in Sources */,
			);
			runOnlyForDeploymentPostprocessing = 0;
		};
/* End PBXSourcesBuildPhase section */

/* Begin PBXVariantGroup section */
		994BFE6824067EF100984D31 /* Main.storyboard */ = {
			isa = PBXVariantGroup;
			children = (
				994BFE6924067EF100984D31 /* Base */,
			);
			name = Main.storyboard;
			sourceTree = "<group>";
		};
		994BFE6D24067EF300984D31 /* LaunchScreen.storyboard */ = {
			isa = PBXVariantGroup;
			children = (
				994BFE6E24067EF300984D31 /* Base */,
			);
			name = LaunchScreen.storyboard;
			sourceTree = "<group>";
		};
/* End PBXVariantGroup section */

/* Begin XCBuildConfiguration section */
		994BFE7124067EF300984D31 /* Debug */ = {
			isa = XCBuildConfiguration;
			buildSettings = {
				ALWAYS_SEARCH_USER_PATHS = NO;
				CLANG_ANALYZER_NONNULL = YES;
				CLANG_ANALYZER_NUMBER_OBJECT_CONVERSION = YES_AGGRESSIVE;
				CLANG_CXX_LANGUAGE_STANDARD = "gnu++14";
				CLANG_CXX_LIBRARY = "libc++";
				CLANG_ENABLE_MODULES = YES;
				CLANG_ENABLE_OBJC_ARC = YES;
				CLANG_ENABLE_OBJC_WEAK = YES;
				CLANG_WARN_BLOCK_CAPTURE_AUTORELEASING = YES;
				CLANG_WARN_BOOL_CONVERSION = YES;
				CLANG_WARN_COMMA = YES;
				CLANG_WARN_CONSTANT_CONVERSION = YES;
				CLANG_WARN_DEPRECATED_OBJC_IMPLEMENTATIONS = YES;
				CLANG_WARN_DIRECT_OBJC_ISA_USAGE = YES_ERROR;
				CLANG_WARN_DOCUMENTATION_COMMENTS = YES;
				CLANG_WARN_EMPTY_BODY = YES;
				CLANG_WARN_ENUM_CONVERSION = YES;
				CLANG_WARN_INFINITE_RECURSION = YES;
				CLANG_WARN_INT_CONVERSION = YES;
				CLANG_WARN_NON_LITERAL_NULL_CONVERSION = YES;
				CLANG_WARN_OBJC_IMPLICIT_RETAIN_SELF = YES;
				CLANG_WARN_OBJC_LITERAL_CONVERSION = YES;
				CLANG_WARN_OBJC_ROOT_CLASS = YES_ERROR;
				CLANG_WARN_RANGE_LOOP_ANALYSIS = YES;
				CLANG_WARN_STRICT_PROTOTYPES = YES;
				CLANG_WARN_SUSPICIOUS_MOVE = YES;
				CLANG_WARN_UNGUARDED_AVAILABILITY = YES_AGGRESSIVE;
				CLANG_WARN_UNREACHABLE_CODE = YES;
				CLANG_WARN__DUPLICATE_METHOD_MATCH = YES;
				COPY_PHASE_STRIP = NO;
				DEBUG_INFORMATION_FORMAT = dwarf;
				ENABLE_STRICT_OBJC_MSGSEND = YES;
				ENABLE_TESTABILITY = YES;
				GCC_C_LANGUAGE_STANDARD = gnu11;
				GCC_DYNAMIC_NO_PIC = NO;
				GCC_NO_COMMON_BLOCKS = YES;
				GCC_OPTIMIZATION_LEVEL = 0;
				GCC_PREPROCESSOR_DEFINITIONS = (
					"DEBUG=1",
					"$(inherited)",
				);
				GCC_WARN_64_TO_32_BIT_CONVERSION = YES;
				GCC_WARN_ABOUT_RETURN_TYPE = YES_ERROR;
				GCC_WARN_UNDECLARED_SELECTOR = YES;
				GCC_WARN_UNINITIALIZED_AUTOS = YES_AGGRESSIVE;
				GCC_WARN_UNUSED_FUNCTION = YES;
				GCC_WARN_UNUSED_VARIABLE = YES;
				IPHONEOS_DEPLOYMENT_TARGET = 13.2;
				MTL_ENABLE_DEBUG_INFO = INCLUDE_SOURCE;
				MTL_FAST_MATH = YES;
				ONLY_ACTIVE_ARCH = YES;
				SDKROOT = iphoneos;
				SWIFT_ACTIVE_COMPILATION_CONDITIONS = DEBUG;
				SWIFT_OPTIMIZATION_LEVEL = "-Onone";
			};
			name = Debug;
		};
		994BFE7224067EF300984D31 /* Release */ = {
			isa = XCBuildConfiguration;
			buildSettings = {
				ALWAYS_SEARCH_USER_PATHS = NO;
				CLANG_ANALYZER_NONNULL = YES;
				CLANG_ANALYZER_NUMBER_OBJECT_CONVERSION = YES_AGGRESSIVE;
				CLANG_CXX_LANGUAGE_STANDARD = "gnu++14";
				CLANG_CXX_LIBRARY = "libc++";
				CLANG_ENABLE_MODULES = YES;
				CLANG_ENABLE_OBJC_ARC = YES;
				CLANG_ENABLE_OBJC_WEAK = YES;
				CLANG_WARN_BLOCK_CAPTURE_AUTORELEASING = YES;
				CLANG_WARN_BOOL_CONVERSION = YES;
				CLANG_WARN_COMMA = YES;
				CLANG_WARN_CONSTANT_CONVERSION = YES;
				CLANG_WARN_DEPRECATED_OBJC_IMPLEMENTATIONS = YES;
				CLANG_WARN_DIRECT_OBJC_ISA_USAGE = YES_ERROR;
				CLANG_WARN_DOCUMENTATION_COMMENTS = YES;
				CLANG_WARN_EMPTY_BODY = YES;
				CLANG_WARN_ENUM_CONVERSION = YES;
				CLANG_WARN_INFINITE_RECURSION = YES;
				CLANG_WARN_INT_CONVERSION = YES;
				CLANG_WARN_NON_LITERAL_NULL_CONVERSION = YES;
				CLANG_WARN_OBJC_IMPLICIT_RETAIN_SELF = YES;
				CLANG_WARN_OBJC_LITERAL_CONVERSION = YES;
				CLANG_WARN_OBJC_ROOT_CLASS = YES_ERROR;
				CLANG_WARN_RANGE_LOOP_ANALYSIS = YES;
				CLANG_WARN_STRICT_PROTOTYPES = YES;
				CLANG_WARN_SUSPICIOUS_MOVE = YES;
				CLANG_WARN_UNGUARDED_AVAILABILITY = YES_AGGRESSIVE;
				CLANG_WARN_UNREACHABLE_CODE = YES;
				CLANG_WARN__DUPLICATE_METHOD_MATCH = YES;
				COPY_PHASE_STRIP = NO;
				DEBUG_INFORMATION_FORMAT = "dwarf-with-dsym";
				ENABLE_NS_ASSERTIONS = NO;
				ENABLE_STRICT_OBJC_MSGSEND = YES;
				GCC_C_LANGUAGE_STANDARD = gnu11;
				GCC_NO_COMMON_BLOCKS = YES;
				GCC_WARN_64_TO_32_BIT_CONVERSION = YES;
				GCC_WARN_ABOUT_RETURN_TYPE = YES_ERROR;
				GCC_WARN_UNDECLARED_SELECTOR = YES;
				GCC_WARN_UNINITIALIZED_AUTOS = YES_AGGRESSIVE;
				GCC_WARN_UNUSED_FUNCTION = YES;
				GCC_WARN_UNUSED_VARIABLE = YES;
				IPHONEOS_DEPLOYMENT_TARGET = 13.2;
				MTL_ENABLE_DEBUG_INFO = NO;
				MTL_FAST_MATH = YES;
				SDKROOT = iphoneos;
				SWIFT_COMPILATION_MODE = wholemodule;
				SWIFT_OPTIMIZATION_LEVEL = "-O";
				VALIDATE_PRODUCT = YES;
			};
			name = Release;
		};
		994BFE7424067EF300984D31 /* Debug */ = {
			isa = XCBuildConfiguration;
			buildSettings = {
				ASSETCATALOG_COMPILER_APPICON_NAME = AppIcon;
				CODE_SIGN_STYLE = Automatic;
				DEVELOPMENT_TEAM = 5MS39QS696;
				INFOPLIST_FILE = Nikitin/Info.plist;
				LD_RUNPATH_SEARCH_PATHS = (
					"$(inherited)",
					"@executable_path/Frameworks",
				);
				PRODUCT_BUNDLE_IDENTIFIER = ru.appbaker.Nikitin;
				PRODUCT_NAME = "$(TARGET_NAME)";
				SWIFT_VERSION = 5.0;
				TARGETED_DEVICE_FAMILY = "1,2";
			};
			name = Debug;
		};
		994BFE7524067EF300984D31 /* Release */ = {
			isa = XCBuildConfiguration;
			buildSettings = {
				ASSETCATALOG_COMPILER_APPICON_NAME = AppIcon;
				CODE_SIGN_STYLE = Automatic;
				DEVELOPMENT_TEAM = 5MS39QS696;
				INFOPLIST_FILE = Nikitin/Info.plist;
				LD_RUNPATH_SEARCH_PATHS = (
					"$(inherited)",
					"@executable_path/Frameworks",
				);
				PRODUCT_BUNDLE_IDENTIFIER = ru.appbaker.Nikitin;
				PRODUCT_NAME = "$(TARGET_NAME)";
				SWIFT_VERSION = 5.0;
				TARGETED_DEVICE_FAMILY = "1,2";
			};
			name = Release;
		};
/* End XCBuildConfiguration section */

/* Begin XCConfigurationList section */
		994BFE5A24067EF000984D31 /* Build configuration list for PBXProject "Nikitin" */ = {
			isa = XCConfigurationList;
			buildConfigurations = (
				994BFE7124067EF300984D31 /* Debug */,
				994BFE7224067EF300984D31 /* Release */,
			);
			defaultConfigurationIsVisible = 0;
			defaultConfigurationName = Release;
		};
		994BFE7324067EF300984D31 /* Build configuration list for PBXNativeTarget "Nikitin" */ = {
			isa = XCConfigurationList;
			buildConfigurations = (
				994BFE7424067EF300984D31 /* Debug */,
				994BFE7524067EF300984D31 /* Release */,
			);
			defaultConfigurationIsVisible = 0;
			defaultConfigurationName = Release;
		};
/* End XCConfigurationList section */
	};
	rootObject = 994BFE5724067EF000984D31 /* Project object */;
}
